{
    "_readme": [
        "This file locks the dependencies of your project to a known state",
        "Read more about it at https://getcomposer.org/doc/01-basic-usage.md#composer-lock-the-lock-file",
        "This file is @generated automatically"
    ],
    "hash": "82298619ee36f8cad463c2c3bde2c7d0",
    "content-hash": "55a941ec104e9e08c31ca2aee42b3dc6",
    "packages": [
        {
            "name": "lumeng/lumeng-php",
            "version": "dev-master",
            "source": {
                "type": "git",
                "url": "https://github.com/zhengb302/LumengPHP.git",
                "reference": "6c3656a90f9b9b84472308610a361a93d98c05a1"
            },
            "dist": {
                "type": "zip",
                "url": "https://api.github.com/repos/zhengb302/LumengPHP/zipball/6c3656a90f9b9b84472308610a361a93d98c05a1",
                "reference": "6c3656a90f9b9b84472308610a361a93d98c05a1",
                "shasum": ""
            },
            "require": {
                "php": ">=5.6.0",
                "psr/log": "^1.0",
                "vlucas/phpdotenv": "^2.4"
            },
            "type": "library",
            "autoload": {
                "files": [
                    "src/LumengPHP/Kernel/functions.php",
                    "src/LumengPHP/Http/functions.php"
                ],
                "psr-4": {
                    "LumengPHP\\": "src/LumengPHP/"
                }
            },
            "notification-url": "https://packagist.org/downloads/",
            "license": [
                "Apache License 2.0"
            ],
            "authors": [
                {
                    "name": "Lumeng",
                    "email": "908235332@qq.com",
                    "homepage": "https://github.com/zhengb302/",
                    "role": "Developer"
                }
            ],
            "description": "A lightweight PHP framework that is fast and testable.",
            "homepage": "https://github.com/zhengb302/LumengPHP",
            "keywords": [
                "framework",
                "php framework"
            ],
            "time": "2017-09-14 09:45:57"
        },
        {
            "name": "lumeng/lumeng-php-db",
            "version": "dev-master",
            "source": {
                "type": "git",
                "url": "https://github.com/zhengb302/LumengPHP-Db.git",
                "reference": "b56d31f57b0d484c0a019408f56d958fe0c47232"
            },
            "dist": {
                "type": "zip",
                "url": "https://api.github.com/repos/zhengb302/LumengPHP-Db/zipball/b56d31f57b0d484c0a019408f56d958fe0c47232",
                "reference": "b56d31f57b0d484c0a019408f56d958fe0c47232",
                "shasum": ""
            },
            "require": {
                "php": ">=5.6.0",
                "psr/log": "^1.0"
            },
            "type": "library",
            "autoload": {
                "psr-4": {
                    "LumengPHP\\Db\\": "src/LumengPHP/Db/"
                }
            },
            "notification-url": "https://packagist.org/downloads/",
            "license": [
                "Apache License 2.0"
            ],
            "authors": [
                {
                    "name": "Lumeng",
                    "email": "908235332@qq.com",
                    "homepage": "https://github.com/zhengb302/",
                    "role": "Developer"
                }
            ],
            "description": "A database operation library for PHP.",
            "homepage": "https://github.com/zhengb302/LumengPHP-Db",
            "keywords": [
                "database operation library",
                "library"
            ],
            "time": "2017-09-13 05:01:49"
        },
        {
            "name": "lumeng/lumeng-php-extensions",
            "version": "v0.1.0",
            "source": {
                "type": "git",
                "url": "https://github.com/zhengb302/LumengPHP-Extensions.git",
                "reference": "d34bfaf549e69ad13a5a2329149549f657e78267"
            },
            "dist": {
                "type": "zip",
                "url": "https://api.github.com/repos/zhengb302/LumengPHP-Extensions/zipball/d34bfaf549e69ad13a5a2329149549f657e78267",
                "reference": "d34bfaf549e69ad13a5a2329149549f657e78267",
                "shasum": ""
            },
            "require": {
                "lumeng/lumeng-php": "dev-master",
                "lumeng/lumeng-php-db": "dev-master",
                "php": ">=5.6.0"
            },
            "type": "library",
            "autoload": {
                "psr-4": {
                    "LumengPHP\\Extensions\\": "src/LumengPHP/Extensions/"
                }
            },
            "notification-url": "https://packagist.org/downloads/",
            "license": [
                "Apache License 2.0"
            ],
            "authors": [
                {
                    "name": "Lumeng",
                    "email": "908235332@qq.com",
                    "homepage": "https://github.com/zhengb302/",
                    "role": "Developer"
                }
            ],
            "description": "LumengPHP Extensions.",
            "homepage": "https://github.com/zhengb302/LumengPHP-Extensions",
            "keywords": [
                "framework",
                "php framework"
            ],
            "time": "2017-09-19 04:37:29"
        },
        {
            "name": "psr/log",
            "version": "1.0.2",
            "source": {
                "type": "git",
                "url": "https://github.com/php-fig/log.git",
                "reference": "4ebe3a8bf773a19edfe0a84b6585ba3d401b724d"
            },
            "dist": {
                "type": "zip",
                "url": "https://api.github.com/repos/php-fig/log/zipball/4ebe3a8bf773a19edfe0a84b6585ba3d401b724d",
                "reference": "4ebe3a8bf773a19edfe0a84b6585ba3d401b724d",
                "shasum": ""
            },
            "require": {
                "php": ">=5.3.0"
            },
            "type": "library",
            "extra": {
                "branch-alias": {
                    "dev-master": "1.0.x-dev"
                }
            },
            "autoload": {
                "psr-4": {
                    "Psr\\Log\\": "Psr/Log/"
                }
            },
            "notification-url": "https://packagist.org/downloads/",
            "license": [
                "MIT"
            ],
            "authors": [
                {
                    "name": "PHP-FIG",
                    "homepage": "http://www.php-fig.org/"
                }
            ],
            "description": "Common interface for logging libraries",
            "homepage": "https://github.com/php-fig/log",
            "keywords": [
                "log",
                "psr",
                "psr-3"
            ],
            "time": "2016-10-10 12:19:37"
        },
        {
            "name": "vlucas/phpdotenv",
            "version": "v2.4.0",
            "source": {
                "type": "git",
                "url": "https://github.com/vlucas/phpdotenv.git",
                "reference": "3cc116adbe4b11be5ec557bf1d24dc5e3a21d18c"
            },
            "dist": {
                "type": "zip",
                "url": "https://api.github.com/repos/vlucas/phpdotenv/zipball/3cc116adbe4b11be5ec557bf1d24dc5e3a21d18c",
                "reference": "3cc116adbe4b11be5ec557bf1d24dc5e3a21d18c",
                "shasum": ""
            },
            "require": {
                "php": ">=5.3.9"
            },
            "require-dev": {
                "phpunit/phpunit": "^4.8 || ^5.0"
            },
            "type": "library",
            "extra": {
                "branch-alias": {
                    "dev-master": "2.4-dev"
                }
            },
            "autoload": {
                "psr-4": {
                    "Dotenv\\": "src/"
                }
            },
            "notification-url": "https://packagist.org/downloads/",
            "license": [
                "BSD-3-Clause-Attribution"
            ],
            "authors": [
                {
                    "name": "Vance Lucas",
                    "email": "vance@vancelucas.com",
                    "homepage": "http://www.vancelucas.com"
                }
            ],
            "description": "Loads environment variables from `.env` to `getenv()`, `$_ENV` and `$_SERVER` automagically.",
            "keywords": [
                "dotenv",
                "env",
                "environment"
            ],
            "time": "2016-09-01 10:05:43"
        }
    ],
    "packages-dev": [],
    "aliases": [],
    "minimum-stability": "stable",
    "stability-flags": {
        "lumeng/lumeng-php": 20,
        "lumeng/lumeng-php-db": 20
    },
    "prefer-stable": false,
    "prefer-lowest": false,
    "platform": {
        "php": ">=5.6.0"
    },
    "platform-dev": []
}
